
Microsoft Visual Studio Solution File, Format Version 12.00
# Visual Studio 15
Project("{FAE04EC0-301F-11D3-BF4B-00C04F79EFBC}") = "Assembly-CSharp", "Assembly-CSharp.csproj", "{2AA1377D-333C-795C-95A2-8B9DC2E1E7B2}"
EndProject
Project("{FAE04EC0-301F-11D3-BF4B-00C04F79EFBC}") = "Assembly-CSharp-Editor", "Assembly-CSharp-Editor.csproj", "{71539744-3835-2145-5B00-303A2E136041}"
EndProject
Global
	GlobalSection(SolutionConfigurationPlatforms) = preSolution
		Debug|Any CPU = Debug|Any CPU
		Release|Any CPU = Release|Any CPU
	EndGlobalSection
	GlobalSection(ProjectConfigurationPlatforms) = postSolution
		{2AA1377D-333C-795C-95A2-8B9DC2E1E7B2}.Debug|Any CPU.ActiveCfg = Debug|Any CPU
		{2AA1377D-333C-795C-95A2-8B9DC2E1E7B2}.Debug|Any CPU.Build.0 = Debug|Any CPU
		{2AA1377D-333C-795C-95A2-8B9DC2E1E7B2}.Release|Any CPU.ActiveCfg = Release|Any CPU
		{2AA1377D-333C-795C-95A2-8B9DC2E1E7B2}.Release|Any CPU.Build.0 = Release|Any CPU
		{71539744-3835-2145-5B00-303A2E136041}.Debug|Any CPU.ActiveCfg = Debug|Any CPU
		{71539744-3835-2145-5B00-303A2E136041}.Debug|Any CPU.Build.0 = Debug|Any CPU
		{71539744-3835-2145-5B00-303A2E136041}.Release|Any CPU.ActiveCfg = Release|Any CPU
		{71539744-3835-2145-5B00-303A2E136041}.Release|Any CPU.Build.0 = Release|Any CPU
	EndGlobalSection
	GlobalSection(SolutionProperties) = preSolution
		HideSolutionNode = FALSE
	EndGlobalSection
EndGlobal
